
Microsoft Visual Studio Solution File, Format Version 12.00
# Visual Studio 15
VisualStudioVersion = 15.0.28307.1209
MinimumVisualStudioVersion = 10.0.40219.1
Project("{FAE04EC0-301F-11D3-BF4B-00C04F79EFBC}") = "EmployeeDetails", "EmployeeDetails\EmployeeDetails.csproj", "{735C1E11-1708-4421-9748-9BA4DE5491AE}"
EndProject
Global
	GlobalSection(SolutionConfigurationPlatforms) = preSolution
		Debug|Any CPU = Debug|Any CPU
		Release|Any CPU = Release|Any CPU
	EndGlobalSection
	GlobalSection(ProjectConfigurationPlatforms) = postSolution
		{735C1E11-1708-4421-9748-9BA4DE5491AE}.Debug|Any CPU.ActiveCfg = Debug|Any CPU
		{735C1E11-1708-4421-9748-9BA4DE5491AE}.Debug|Any CPU.Build.0 = Debug|Any CPU
		{735C1E11-1708-4421-9748-9BA4DE5491AE}.Release|Any CPU.ActiveCfg = Release|Any CPU
		{735C1E11-1708-4421-9748-9BA4DE5491AE}.Release|Any CPU.Build.0 = Release|Any CPU
	EndGlobalSection
	GlobalSection(SolutionProperties) = preSolution
		HideSolutionNode = FALSE
	EndGlobalSection
	GlobalSection(ExtensibilityGlobals) = postSolution
		SolutionGuid = {41D99927-1022-45AF-AD59-F90230FADD62}
	EndGlobalSection
EndGlobal
